
Microsoft Visual Studio Solution File, Format Version 12.00
# Visual Studio Version 17
VisualStudioVersion = 17.9.34728.123
MinimumVisualStudioVersion = 10.0.40219.1
Project("{FAE04EC0-301F-11D3-BF4B-00C04F79EFBC}") = "QlendarBackend", "QlendarBackend.csproj", "{0A09FB2A-6D5A-4355-8CCE-BB24DACCC5FA}"
EndProject
Global
	GlobalSection(SolutionConfigurationPlatforms) = preSolution
		Debug|Any CPU = Debug|Any CPU
		Release|Any CPU = Release|Any CPU
	EndGlobalSection
	GlobalSection(ProjectConfigurationPlatforms) = postSolution
		{0A09FB2A-6D5A-4355-8CCE-BB24DACCC5FA}.Debug|Any CPU.ActiveCfg = Debug|Any CPU
		{0A09FB2A-6D5A-4355-8CCE-BB24DACCC5FA}.Debug|Any CPU.Build.0 = Debug|Any CPU
		{0A09FB2A-6D5A-4355-8CCE-BB24DACCC5FA}.Release|Any CPU.ActiveCfg = Release|Any CPU
		{0A09FB2A-6D5A-4355-8CCE-BB24DACCC5FA}.Release|Any CPU.Build.0 = Release|Any CPU
	EndGlobalSection
	GlobalSection(SolutionProperties) = preSolution
		HideSolutionNode = FALSE
	EndGlobalSection
	GlobalSection(ExtensibilityGlobals) = postSolution
		SolutionGuid = {5B4E0CF9-A0EA-4FF6-914A-3DB0B2CAB044}
	EndGlobalSection
EndGlobal
